// !$*UTF8*$!
{
	archiveVersion = 1;
	classes = {
	};
	objectVersion = 77;
	objects = {

/* Begin PBXBuildFile section */
		0998774DC596C29CA352DF96 /* Assets.xcassets in Resources */ = {isa = PBXBuildFile; fileRef = 864AFA07735C76DEA77405CA /* Assets.xcassets */; };
		0AFA26C9528F08A9F80D7234 /* PasscodeConfirmation.swift in Sources */ = {isa = PBXBuildFile; fileRef = C68A96F09E6095DA0A3FC94B /* PasscodeConfirmation.swift */; };
		1D045E64560400BB9DCC7B8D /* PasscodeConfirmationTests.swift in Sources */ = {isa = PBXBuildFile; fileRef = F778503FF0E4197AE6117E3A /* PasscodeConfirmationTests.swift */; };
		304D333987C103BC726A4995 /* WatchWalletImportFlowView.swift in Sources */ = {isa = PBXBuildFile; fileRef = E5827342D353652CFC64C64E /* WatchWalletImportFlowView.swift */; };
		34CA8F2FE4F81440FD98A7F5 /* BitcoinPublicMaterialParserTests.swift in Sources */ = {isa = PBXBuildFile; fileRef = 378A4E7F509AB7A4F8007FA1 /* BitcoinPublicMaterialParserTests.swift */; };
		486C374F9F4838F2CF65BF2A /* InfoPlist.xcstrings in Resources */ = {isa = PBXBuildFile; fileRef = 129025A86F9FB70B6D1B4FDA /* InfoPlist.xcstrings */; };
		57F9CB9BD1AE71D75F2A01C6 /* OnboardingView.swift in Sources */ = {isa = PBXBuildFile; fileRef = 9FC3E708C179B88D251EABBE /* OnboardingView.swift */; };
		65F40C374683BA46707DF0CE /* PasscodeSetupView.swift in Sources */ = {isa = PBXBuildFile; fileRef = 429FB10F5274F4254DCB2823 /* PasscodeSetupView.swift */; };
		6B4DC1FDF0F7497330FF9CF3 /* GlaceApp.swift in Sources */ = {isa = PBXBuildFile; fileRef = 70B613BBF2ECDEF9E1D2C157 /* GlaceApp.swift */; };
		6DB7AB57BD60321E099B1691 /* BitcoinPublicEncoding.swift in Sources */ = {isa = PBXBuildFile; fileRef = 0F117C21B23B34930D1B2A3D /* BitcoinPublicEncoding.swift */; };
		892760A695CF7DC0330DD20F /* BitcoinPublicMaterialParser.swift in Sources */ = {isa = PBXBuildFile; fileRef = 233EDCFCBCCD3BDEA6E184D4 /* BitcoinPublicMaterialParser.swift */; };
		C257C755A040225AB8EE65E7 /* Localizable.xcstrings in Resources */ = {isa = PBXBuildFile; fileRef = E82D567DC615BBEEAC5E3CA7 /* Localizable.xcstrings */; };
		F0BB56B4FF77190BDB53F00D /* WatchWalletVault.swift in Sources */ = {isa = PBXBuildFile; fileRef = DD34306B1FFF4A83EED7CE2E /* WatchWalletVault.swift */; };
		FA60EF0862B7D245491C0BD9 /* P256K in Frameworks */ = {isa = PBXBuildFile; productRef = 98666381750279EC5CE5D4F1 /* P256K */; };
/* End PBXBuildFile section */

/* Begin PBXContainerItemProxy section */
		BC63BD4FCA7E5BF2DB2DDD3F /* PBXContainerItemProxy */ = {
			isa = PBXContainerItemProxy;
			containerPortal = 0C0D2C9D02865EC40C8682E3 /* Project object */;
			proxyType = 1;
			remoteGlobalIDString = 3A6D2F66C3B53E5ABB92B012;
			remoteInfo = Glace;
		};
/* End PBXContainerItemProxy section */

/* Begin PBXFileReference section */
		0F117C21B23B34930D1B2A3D /* BitcoinPublicEncoding.swift */ = {isa = PBXFileReference; lastKnownFileType = sourcecode.swift; path = BitcoinPublicEncoding.swift; sourceTree = "<group>"; };
		129025A86F9FB70B6D1B4FDA /* InfoPlist.xcstrings */ = {isa = PBXFileReference; lastKnownFileType = text.json.xcstrings; path = InfoPlist.xcstrings; sourceTree = "<group>"; };
		233EDCFCBCCD3BDEA6E184D4 /* BitcoinPublicMaterialParser.swift */ = {isa = PBXFileReference; lastKnownFileType = sourcecode.swift; path = BitcoinPublicMaterialParser.swift; sourceTree = "<group>"; };
		34B5FCCE8D50DD24B2288641 /* GlaceTests.xctest */ = {isa = PBXFileReference; includeInIndex = 0; lastKnownFileType = wrapper.cfbundle; path = GlaceTests.xctest; sourceTree = BUILT_PRODUCTS_DIR; };
		378A4E7F509AB7A4F8007FA1 /* BitcoinPublicMaterialParserTests.swift */ = {isa = PBXFileReference; lastKnownFileType = sourcecode.swift; path = BitcoinPublicMaterialParserTests.swift; sourceTree = "<group>"; };
		429FB10F5274F4254DCB2823 /* PasscodeSetupView.swift */ = {isa = PBXFileReference; lastKnownFileType = sourcecode.swift; path = PasscodeSetupView.swift; sourceTree = "<group>"; };
		70B613BBF2ECDEF9E1D2C157 /* GlaceApp.swift */ = {isa = PBXFileReference; lastKnownFileType = sourcecode.swift; path = GlaceApp.swift; sourceTree = "<group>"; };
		864AFA07735C76DEA77405CA /* Assets.xcassets */ = {isa = PBXFileReference; lastKnownFileType = folder.assetcatalog; path = Assets.xcassets; sourceTree = "<group>"; };
		9FC3E708C179B88D251EABBE /* OnboardingView.swift */ = {isa = PBXFileReference; lastKnownFileType = sourcecode.swift; path = OnboardingView.swift; sourceTree = "<group>"; };
		C68A96F09E6095DA0A3FC94B /* PasscodeConfirmation.swift */ = {isa = PBXFileReference; lastKnownFileType = sourcecode.swift; path = PasscodeConfirmation.swift; sourceTree = "<group>"; };
		DD34306B1FFF4A83EED7CE2E /* WatchWalletVault.swift */ = {isa = PBXFileReference; lastKnownFileType = sourcecode.swift; path = WatchWalletVault.swift; sourceTree = "<group>"; };
		E5827342D353652CFC64C64E /* WatchWalletImportFlowView.swift */ = {isa = PBXFileReference; lastKnownFileType = sourcecode.swift; path = WatchWalletImportFlowView.swift; sourceTree = "<group>"; };
		E82D567DC615BBEEAC5E3CA7 /* Localizable.xcstrings */ = {isa = PBXFileReference; lastKnownFileType = text.json.xcstrings; path = Localizable.xcstrings; sourceTree = "<group>"; };
		EA982764E3AE352D2373E0B3 /* Glace.app */ = {isa = PBXFileReference; includeInIndex = 0; lastKnownFileType = wrapper.application; path = Glace.app; sourceTree = BUILT_PRODUCTS_DIR; };
		F778503FF0E4197AE6117E3A /* PasscodeConfirmationTests.swift */ = {isa = PBXFileReference; lastKnownFileType = sourcecode.swift; path = PasscodeConfirmationTests.swift; sourceTree = "<group>"; };
/* End PBXFileReference section */

/* Begin PBXFrameworksBuildPhase section */
		7CE498DC260D0CCDFA5E54AC /* Frameworks */ = {
			isa = PBXFrameworksBuildPhase;
			buildActionMask = 2147483647;
			files = (
				FA60EF0862B7D245491C0BD9 /* P256K in Frameworks */,
			);
			runOnlyForDeploymentPostprocessing = 0;
		};
/* End PBXFrameworksBuildPhase section */

/* Begin PBXGroup section */
		47CBC9C81AF9D430105D2935 /* Security */ = {
			isa = PBXGroup;
			children = (
				C68A96F09E6095DA0A3FC94B /* PasscodeConfirmation.swift */,
				DD34306B1FFF4A83EED7CE2E /* WatchWalletVault.swift */,
			);
			path = Security;
			sourceTree = "<group>";
		};
		6B2A77E91E3EF525613A4BF6 /* Features */ = {
			isa = PBXGroup;
			children = (
				CA95173391CA987C6C564B5D /* Import */,
				B62CD336737937B8DCF5A287 /* Onboarding */,
				9D6DA2A49039A72397BCA715 /* Passcode */,
			);
			path = Features;
			sourceTree = "<group>";
		};
		95B3B9EB41FE52703E7B564C /* GlaceTests */ = {
			isa = PBXGroup;
			children = (
				378A4E7F509AB7A4F8007FA1 /* BitcoinPublicMaterialParserTests.swift */,
				F778503FF0E4197AE6117E3A /* PasscodeConfirmationTests.swift */,
			);
			path = GlaceTests;
			sourceTree = "<group>";
		};
		9857F43231F114A33AC85694 = {
			isa = PBXGroup;
			children = (
				995C8BAFCA8279AA6376C9F5 /* Glace */,
				95B3B9EB41FE52703E7B564C /* GlaceTests */,
				B0505A53C9A8F880B2FA42C4 /* Products */,
			);
			sourceTree = "<group>";
		};
		995C8BAFCA8279AA6376C9F5 /* Glace */ = {
			isa = PBXGroup;
			children = (
				EB74E8A69C06193AE553F1A2 /* Bitcoin */,
				6B2A77E91E3EF525613A4BF6 /* Features */,
				BDB1CF17CC74852A7D9BC3EC /* Resources */,
				47CBC9C81AF9D430105D2935 /* Security */,
				70B613BBF2ECDEF9E1D2C157 /* GlaceApp.swift */,
			);
			path = Glace;
			sourceTree = "<group>";
		};
		9D6DA2A49039A72397BCA715 /* Passcode */ = {
			isa = PBXGroup;
			children = (
				429FB10F5274F4254DCB2823 /* PasscodeSetupView.swift */,
			);
			path = Passcode;
			sourceTree = "<group>";
		};
		B0505A53C9A8F880B2FA42C4 /* Products */ = {
			isa = PBXGroup;
			children = (
				EA982764E3AE352D2373E0B3 /* Glace.app */,
				34B5FCCE8D50DD24B2288641 /* GlaceTests.xctest */,
			);
			name = Products;
			sourceTree = "<group>";
		};
		B62CD336737937B8DCF5A287 /* Onboarding */ = {
			isa = PBXGroup;
			children = (
				9FC3E708C179B88D251EABBE /* OnboardingView.swift */,
			);
			path = Onboarding;
			sourceTree = "<group>";
		};
		BDB1CF17CC74852A7D9BC3EC /* Resources */ = {
			isa = PBXGroup;
			children = (
				864AFA07735C76DEA77405CA /* Assets.xcassets */,
				129025A86F9FB70B6D1B4FDA /* InfoPlist.xcstrings */,
				E82D567DC615BBEEAC5E3CA7 /* Localizable.xcstrings */,
			);
			path = Resources;
			sourceTree = "<group>";
		};
		CA95173391CA987C6C564B5D /* Import */ = {
			isa = PBXGroup;
			children = (
				E5827342D353652CFC64C64E /* WatchWalletImportFlowView.swift */,
			);
			path = Import;
			sourceTree = "<group>";
		};
		EB74E8A69C06193AE553F1A2 /* Bitcoin */ = {
			isa = PBXGroup;
			children = (
				0F117C21B23B34930D1B2A3D /* BitcoinPublicEncoding.swift */,
				233EDCFCBCCD3BDEA6E184D4 /* BitcoinPublicMaterialParser.swift */,
			);
			path = Bitcoin;
			sourceTree = "<group>";
		};
/* End PBXGroup section */

/* Begin PBXNativeTarget section */
		26023BF67D1A0F01621E5064 /* GlaceTests */ = {
			isa = PBXNativeTarget;
			buildConfigurationList = 60EED100B3767AE6B57F228F /* Build configuration list for PBXNativeTarget "GlaceTests" */;
			buildPhases = (
				4B2BF07CC10F3FF871BBDDCD /* Sources */,
			);
			buildRules = (
			);
			dependencies = (
				F686D086B8072C009A5F5F8D /* PBXTargetDependency */,
			);
			name = GlaceTests;
			packageProductDependencies = (
			);
			productName = GlaceTests;
			productReference = 34B5FCCE8D50DD24B2288641 /* GlaceTests.xctest */;
			productType = "com.apple.product-type.bundle.unit-test";
		};
		3A6D2F66C3B53E5ABB92B012 /* Glace */ = {
			isa = PBXNativeTarget;
			buildConfigurationList = 97648401A3BCA93D38EA4831 /* Build configuration list for PBXNativeTarget "Glace" */;
			buildPhases = (
				42052BD7269517A69C72BEA2 /* Sources */,
				629401999E824C7D361A9446 /* Resources */,
				7CE498DC260D0CCDFA5E54AC /* Frameworks */,
			);
			buildRules = (
			);
			dependencies = (
			);
			name = Glace;
			packageProductDependencies = (
				98666381750279EC5CE5D4F1 /* P256K */,
			);
			productName = Glace;
			productReference = EA982764E3AE352D2373E0B3 /* Glace.app */;
			productType = "com.apple.product-type.application";
		};
/* End PBXNativeTarget section */

/* Begin PBXProject section */
		0C0D2C9D02865EC40C8682E3 /* Project object */ = {
			isa = PBXProject;
			attributes = {
				BuildIndependentTargetsInParallel = YES;
				LastUpgradeCheck = 2660;
				TargetAttributes = {
					3A6D2F66C3B53E5ABB92B012 = {
						ProvisioningStyle = Automatic;
					};
				};
			};
			buildConfigurationList = FC7286DE49A9A8580B8F6E68 /* Build configuration list for PBXProject "Glace" */;
			developmentRegion = en;
			hasScannedForEncodings = 0;
			knownRegions = (
				Base,
				en,
			);
			mainGroup = 9857F43231F114A33AC85694;
			minimizedProjectReferenceProxies = 1;
			packageReferences = (
				1084C8F155E8DE00C4D92AF0 /* XCRemoteSwiftPackageReference "swift-secp256k1" */,
			);
			preferredProjectObjectVersion = 77;
			productRefGroup = B0505A53C9A8F880B2FA42C4 /* Products */;
			projectDirPath = "";
			projectRoot = "";
			targets = (
				3A6D2F66C3B53E5ABB92B012 /* Glace */,
				26023BF67D1A0F01621E5064 /* GlaceTests */,
			);
		};
/* End PBXProject section */

/* Begin PBXResourcesBuildPhase section */
		629401999E824C7D361A9446 /* Resources */ = {
			isa = PBXResourcesBuildPhase;
			buildActionMask = 2147483647;
			files = (
				0998774DC596C29CA352DF96 /* Assets.xcassets in Resources */,
				486C374F9F4838F2CF65BF2A /* InfoPlist.xcstrings in Resources */,
				C257C755A040225AB8EE65E7 /* Localizable.xcstrings in Resources */,
			);
			runOnlyForDeploymentPostprocessing = 0;
		};
/* End PBXResourcesBuildPhase section */

/* Begin PBXSourcesBuildPhase section */
		42052BD7269517A69C72BEA2 /* Sources */ = {
			isa = PBXSourcesBuildPhase;
			buildActionMask = 2147483647;
			files = (
				6DB7AB57BD60321E099B1691 /* BitcoinPublicEncoding.swift in Sources */,
				892760A695CF7DC0330DD20F /* BitcoinPublicMaterialParser.swift in Sources */,
				6B4DC1FDF0F7497330FF9CF3 /* GlaceApp.swift in Sources */,
				57F9CB9BD1AE71D75F2A01C6 /* OnboardingView.swift in Sources */,
				0AFA26C9528F08A9F80D7234 /* PasscodeConfirmation.swift in Sources */,
				65F40C374683BA46707DF0CE /* PasscodeSetupView.swift in Sources */,
				304D333987C103BC726A4995 /* WatchWalletImportFlowView.swift in Sources */,
				F0BB56B4FF77190BDB53F00D /* WatchWalletVault.swift in Sources */,
			);
			runOnlyForDeploymentPostprocessing = 0;
		};
		4B2BF07CC10F3FF871BBDDCD /* Sources */ = {
			isa = PBXSourcesBuildPhase;
			buildActionMask = 2147483647;
			files = (
				34CA8F2FE4F81440FD98A7F5 /* BitcoinPublicMaterialParserTests.swift in Sources */,
				1D045E64560400BB9DCC7B8D /* PasscodeConfirmationTests.swift in Sources */,
			);
			runOnlyForDeploymentPostprocessing = 0;
		};
/* End PBXSourcesBuildPhase section */

/* Begin PBXTargetDependency section */
		F686D086B8072C009A5F5F8D /* PBXTargetDependency */ = {
			isa = PBXTargetDependency;
			target = 3A6D2F66C3B53E5ABB92B012 /* Glace */;
			targetProxy = BC63BD4FCA7E5BF2DB2DDD3F /* PBXContainerItemProxy */;
		};
/* End PBXTargetDependency section */

/* Begin XCBuildConfiguration section */
		0B5C980B2BC4ACEDBE9D44C5 /* Debug */ = {
			isa = XCBuildConfiguration;
			buildSettings = {
				ASSETCATALOG_COMPILER_APPICON_NAME = AppIcon;
				CODE_SIGN_IDENTITY = "iPhone Developer";
				CODE_SIGN_STYLE = Automatic;
				CURRENT_PROJECT_VERSION = 1;
				ENABLE_PREVIEWS = YES;
				GENERATE_INFOPLIST_FILE = YES;
				INFOPLIST_KEY_CFBundleDisplayName = Glace;
				INFOPLIST_KEY_LSApplicationCategoryType = "public.app-category.finance";
				INFOPLIST_KEY_UIApplicationSceneManifest_Generation = YES;
				INFOPLIST_KEY_UIApplicationSupportsIndirectInputEvents = YES;
				INFOPLIST_KEY_UILaunchScreen_Generation = YES;
				INFOPLIST_KEY_UISupportedInterfaceOrientations_iPad = "UIInterfaceOrientationPortrait UIInterfaceOrientationPortraitUpsideDown UIInterfaceOrientationLandscapeLeft UIInterfaceOrientationLandscapeRight";
				INFOPLIST_KEY_UISupportedInterfaceOrientations_iPhone = "UIInterfaceOrientationPortrait UIInterfaceOrientationLandscapeLeft UIInterfaceOrientationLandscapeRight";
				INFOPLIST_KEY_UIUserInterfaceStyle = Light;
				LD_RUNPATH_SEARCH_PATHS = (
					"$(inherited)",
					"@executable_path/Frameworks",
				);
				MARKETING_VERSION = 0.1.0;
				PRODUCT_BUNDLE_IDENTIFIER = com.devdasx.glace;
				PRODUCT_NAME = Glace;
				SDKROOT = iphoneos;
				SUPPORTS_MACCATALYST = NO;
				SUPPORTS_MAC_DESIGNED_FOR_IPHONE_IPAD = NO;
				SWIFT_DEFAULT_ACTOR_ISOLATION = MainActor;
				TARGETED_DEVICE_FAMILY = "1,2";
			};
			name = Debug;
		};
		1A11CD8F79DDE49B6BBB932C /* Debug */ = {
			isa = XCBuildConfiguration;
			buildSettings = {
				ALWAYS_SEARCH_USER_PATHS = NO;
				CLANG_ANALYZER_LOCALIZABILITY_NONLOCALIZED = YES;
				CLANG_ANALYZER_NONNULL = YES;
				CLANG_ANALYZER_NUMBER_OBJECT_CONVERSION = YES_AGGRESSIVE;
				CLANG_CXX_LANGUAGE_STANDARD = "gnu++14";
				CLANG_CXX_LIBRARY = "libc++";
				CLANG_ENABLE_MODULES = YES;
				CLANG_ENABLE_OBJC_ARC = YES;
				CLANG_ENABLE_OBJC_WEAK = YES;
				CLANG_WARN_BLOCK_CAPTURE_AUTORELEASING = YES;
				CLANG_WARN_BOOL_CONVERSION = YES;
				CLANG_WARN_COMMA = YES;
				CLANG_WARN_CONSTANT_CONVERSION = YES;
				CLANG_WARN_DEPRECATED_OBJC_IMPLEMENTATIONS = YES;
				CLANG_WARN_DIRECT_OBJC_ISA_USAGE = YES_ERROR;
				CLANG_WARN_DOCUMENTATION_COMMENTS = YES;
				CLANG_WARN_EMPTY_BODY = YES;
				CLANG_WARN_ENUM_CONVERSION = YES;
				CLANG_WARN_INFINITE_RECURSION = YES;
				CLANG_WARN_INT_CONVERSION = YES;
				CLANG_WARN_NON_LITERAL_NULL_CONVERSION = YES;
				CLANG_WARN_OBJC_IMPLICIT_RETAIN_SELF = YES;
				CLANG_WARN_OBJC_LITERAL_CONVERSION = YES;
				CLANG_WARN_OBJC_ROOT_CLASS = YES_ERROR;
				CLANG_WARN_QUOTED_INCLUDE_IN_FRAMEWORK_HEADER = YES;
				CLANG_WARN_RANGE_LOOP_ANALYSIS = YES;
				CLANG_WARN_STRICT_PROTOTYPES = YES;
				CLANG_WARN_SUSPICIOUS_MOVE = YES;
				CLANG_WARN_UNGUARDED_AVAILABILITY = YES_AGGRESSIVE;
				CLANG_WARN_UNREACHABLE_CODE = YES;
				CLANG_WARN__DUPLICATE_METHOD_MATCH = YES;
				COPY_PHASE_STRIP = NO;
				DEBUG_INFORMATION_FORMAT = dwarf;
				ENABLE_STRICT_OBJC_MSGSEND = YES;
				ENABLE_TESTABILITY = YES;
				ENABLE_USER_SCRIPT_SANDBOXING = YES;
				GCC_C_LANGUAGE_STANDARD = gnu11;
				GCC_DYNAMIC_NO_PIC = NO;
				GCC_NO_COMMON_BLOCKS = YES;
				GCC_OPTIMIZATION_LEVEL = 0;
				GCC_PREPROCESSOR_DEFINITIONS = (
					"$(inherited)",
					"DEBUG=1",
				);
				GCC_WARN_64_TO_32_BIT_CONVERSION = YES;
				GCC_WARN_ABOUT_RETURN_TYPE = YES_ERROR;
				GCC_WARN_UNDECLARED_SELECTOR = YES;
				GCC_WARN_UNINITIALIZED_AUTOS = YES_AGGRESSIVE;
				GCC_WARN_UNUSED_FUNCTION = YES;
				GCC_WARN_UNUSED_VARIABLE = YES;
				IPHONEOS_DEPLOYMENT_TARGET = 26.0;
				LOCALIZATION_PREFERS_STRING_CATALOGS = YES;
				MTL_ENABLE_DEBUG_INFO = INCLUDE_SOURCE;
				MTL_FAST_MATH = YES;
				ONLY_ACTIVE_ARCH = YES;
				PRODUCT_NAME = "$(TARGET_NAME)";
				SDKROOT = iphoneos;
				SWIFT_ACTIVE_COMPILATION_CONDITIONS = DEBUG;
				SWIFT_OPTIMIZATION_LEVEL = "-Onone";
				SWIFT_STRICT_CONCURRENCY = complete;
				SWIFT_VERSION = 6.0;
				TARGETED_DEVICE_FAMILY = "1,2";
			};
			name = Debug;
		};
		28CFDE2AF2F191A0F7B50ECC /* Release */ = {
			isa = XCBuildConfiguration;
			buildSettings = {
				ALWAYS_SEARCH_USER_PATHS = NO;
				CLANG_ANALYZER_LOCALIZABILITY_NONLOCALIZED = YES;
				CLANG_ANALYZER_NONNULL = YES;
				CLANG_ANALYZER_NUMBER_OBJECT_CONVERSION = YES_AGGRESSIVE;
				CLANG_CXX_LANGUAGE_STANDARD = "gnu++14";
				CLANG_CXX_LIBRARY = "libc++";
				CLANG_ENABLE_MODULES = YES;
				CLANG_ENABLE_OBJC_ARC = YES;
				CLANG_ENABLE_OBJC_WEAK = YES;
				CLANG_WARN_BLOCK_CAPTURE_AUTORELEASING = YES;
				CLANG_WARN_BOOL_CONVERSION = YES;
				CLANG_WARN_COMMA = YES;
				CLANG_WARN_CONSTANT_CONVERSION = YES;
				CLANG_WARN_DEPRECATED_OBJC_IMPLEMENTATIONS = YES;
				CLANG_WARN_DIRECT_OBJC_ISA_USAGE = YES_ERROR;
				CLANG_WARN_DOCUMENTATION_COMMENTS = YES;
				CLANG_WARN_EMPTY_BODY = YES;
				CLANG_WARN_ENUM_CONVERSION = YES;
				CLANG_WARN_INFINITE_RECURSION = YES;
				CLANG_WARN_INT_CONVERSION = YES;
				CLANG_WARN_NON_LITERAL_NULL_CONVERSION = YES;
				CLANG_WARN_OBJC_IMPLICIT_RETAIN_SELF = YES;
				CLANG_WARN_OBJC_LITERAL_CONVERSION = YES;
				CLANG_WARN_OBJC_ROOT_CLASS = YES_ERROR;
				CLANG_WARN_QUOTED_INCLUDE_IN_FRAMEWORK_HEADER = YES;
				CLANG_WARN_RANGE_LOOP_ANALYSIS = YES;
				CLANG_WARN_STRICT_PROTOTYPES = YES;
				CLANG_WARN_SUSPICIOUS_MOVE = YES;
				CLANG_WARN_UNGUARDED_AVAILABILITY = YES_AGGRESSIVE;
				CLANG_WARN_UNREACHABLE_CODE = YES;
				CLANG_WARN__DUPLICATE_METHOD_MATCH = YES;
				COPY_PHASE_STRIP = NO;
				DEBUG_INFORMATION_FORMAT = "dwarf-with-dsym";
				ENABLE_NS_ASSERTIONS = NO;
				ENABLE_STRICT_OBJC_MSGSEND = YES;
				ENABLE_USER_SCRIPT_SANDBOXING = YES;
				GCC_C_LANGUAGE_STANDARD = gnu11;
				GCC_NO_COMMON_BLOCKS = YES;
				GCC_WARN_64_TO_32_BIT_CONVERSION = YES;
				GCC_WARN_ABOUT_RETURN_TYPE = YES_ERROR;
				GCC_WARN_UNDECLARED_SELECTOR = YES;
				GCC_WARN_UNINITIALIZED_AUTOS = YES_AGGRESSIVE;
				GCC_WARN_UNUSED_FUNCTION = YES;
				GCC_WARN_UNUSED_VARIABLE = YES;
				IPHONEOS_DEPLOYMENT_TARGET = 26.0;
				LOCALIZATION_PREFERS_STRING_CATALOGS = YES;
				MTL_ENABLE_DEBUG_INFO = NO;
				MTL_FAST_MATH = YES;
				PRODUCT_NAME = "$(TARGET_NAME)";
				SDKROOT = iphoneos;
				SWIFT_COMPILATION_MODE = wholemodule;
				SWIFT_OPTIMIZATION_LEVEL = "-O";
				SWIFT_STRICT_CONCURRENCY = complete;
				SWIFT_VERSION = 6.0;
				TARGETED_DEVICE_FAMILY = "1,2";
			};
			name = Release;
		};
		C98054F239ADC8CC5751C697 /* Debug */ = {
			isa = XCBuildConfiguration;
			buildSettings = {
				BUNDLE_LOADER = "$(TEST_HOST)";
				GENERATE_INFOPLIST_FILE = YES;
				LD_RUNPATH_SEARCH_PATHS = (
					"$(inherited)",
					"@executable_path/Frameworks",
					"@loader_path/Frameworks",
				);
				PRODUCT_BUNDLE_IDENTIFIER = com.devdasx.glace.tests;
				SDKROOT = iphoneos;
				SWIFT_DEFAULT_ACTOR_ISOLATION = MainActor;
				TARGETED_DEVICE_FAMILY = "1,2";
				TEST_HOST = "$(BUILT_PRODUCTS_DIR)/Glace.app/Glace";
			};
			name = Debug;
		};
		CEA7549E528C7CA86B436856 /* Release */ = {
			isa = XCBuildConfiguration;
			buildSettings = {
				ASSETCATALOG_COMPILER_APPICON_NAME = AppIcon;
				CODE_SIGN_IDENTITY = "iPhone Developer";
				CODE_SIGN_STYLE = Automatic;
				CURRENT_PROJECT_VERSION = 1;
				ENABLE_PREVIEWS = YES;
				GENERATE_INFOPLIST_FILE = YES;
				INFOPLIST_KEY_CFBundleDisplayName = Glace;
				INFOPLIST_KEY_LSApplicationCategoryType = "public.app-category.finance";
				INFOPLIST_KEY_UIApplicationSceneManifest_Generation = YES;
				INFOPLIST_KEY_UIApplicationSupportsIndirectInputEvents = YES;
				INFOPLIST_KEY_UILaunchScreen_Generation = YES;
				INFOPLIST_KEY_UISupportedInterfaceOrientations_iPad = "UIInterfaceOrientationPortrait UIInterfaceOrientationPortraitUpsideDown UIInterfaceOrientationLandscapeLeft UIInterfaceOrientationLandscapeRight";
				INFOPLIST_KEY_UISupportedInterfaceOrientations_iPhone = "UIInterfaceOrientationPortrait UIInterfaceOrientationLandscapeLeft UIInterfaceOrientationLandscapeRight";
				INFOPLIST_KEY_UIUserInterfaceStyle = Light;
				LD_RUNPATH_SEARCH_PATHS = (
					"$(inherited)",
					"@executable_path/Frameworks",
				);
				MARKETING_VERSION = 0.1.0;
				PRODUCT_BUNDLE_IDENTIFIER = com.devdasx.glace;
				PRODUCT_NAME = Glace;
				SDKROOT = iphoneos;
				SUPPORTS_MACCATALYST = NO;
				SUPPORTS_MAC_DESIGNED_FOR_IPHONE_IPAD = NO;
				SWIFT_DEFAULT_ACTOR_ISOLATION = MainActor;
				TARGETED_DEVICE_FAMILY = "1,2";
			};
			name = Release;
		};
		F50087FF23C7D2356705599F /* Release */ = {
			isa = XCBuildConfiguration;
			buildSettings = {
				BUNDLE_LOADER = "$(TEST_HOST)";
				GENERATE_INFOPLIST_FILE = YES;
				LD_RUNPATH_SEARCH_PATHS = (
					"$(inherited)",
					"@executable_path/Frameworks",
					"@loader_path/Frameworks",
				);
				PRODUCT_BUNDLE_IDENTIFIER = com.devdasx.glace.tests;
				SDKROOT = iphoneos;
				SWIFT_DEFAULT_ACTOR_ISOLATION = MainActor;
				TARGETED_DEVICE_FAMILY = "1,2";
				TEST_HOST = "$(BUILT_PRODUCTS_DIR)/Glace.app/Glace";
			};
			name = Release;
		};
/* End XCBuildConfiguration section */

/* Begin XCConfigurationList section */
		60EED100B3767AE6B57F228F /* Build configuration list for PBXNativeTarget "GlaceTests" */ = {
			isa = XCConfigurationList;
			buildConfigurations = (
				C98054F239ADC8CC5751C697 /* Debug */,
				F50087FF23C7D2356705599F /* Release */,
			);
			defaultConfigurationIsVisible = 0;
			defaultConfigurationName = Debug;
		};
		97648401A3BCA93D38EA4831 /* Build configuration list for PBXNativeTarget "Glace" */ = {
			isa = XCConfigurationList;
			buildConfigurations = (
				0B5C980B2BC4ACEDBE9D44C5 /* Debug */,
				CEA7549E528C7CA86B436856 /* Release */,
			);
			defaultConfigurationIsVisible = 0;
			defaultConfigurationName = Debug;
		};
		FC7286DE49A9A8580B8F6E68 /* Build configuration list for PBXProject "Glace" */ = {
			isa = XCConfigurationList;
			buildConfigurations = (
				1A11CD8F79DDE49B6BBB932C /* Debug */,
				28CFDE2AF2F191A0F7B50ECC /* Release */,
			);
			defaultConfigurationIsVisible = 0;
			defaultConfigurationName = Debug;
		};
/* End XCConfigurationList section */

/* Begin XCRemoteSwiftPackageReference section */
		1084C8F155E8DE00C4D92AF0 /* XCRemoteSwiftPackageReference "swift-secp256k1" */ = {
			isa = XCRemoteSwiftPackageReference;
			repositoryURL = "https://github.com/21-DOT-DEV/swift-secp256k1.git";
			requirement = {
				kind = exactVersion;
				version = 0.23.2;
			};
		};
/* End XCRemoteSwiftPackageReference section */

/* Begin XCSwiftPackageProductDependency section */
		98666381750279EC5CE5D4F1 /* P256K */ = {
			isa = XCSwiftPackageProductDependency;
			package = 1084C8F155E8DE00C4D92AF0 /* XCRemoteSwiftPackageReference "swift-secp256k1" */;
			productName = P256K;
		};
/* End XCSwiftPackageProductDependency section */
	};
	rootObject = 0C0D2C9D02865EC40C8682E3 /* Project object */;
}
